PODS:
  - CollectionViewSlantedLayout (3.1.1)

DEPENDENCIES:
  - CollectionViewSlantedLayout (~> 3.1)

SPEC REPOS:
  https://github.com/cocoapods/specs.git:
    - CollectionViewSlantedLayout

SPEC CHECKSUMS:
  CollectionViewSlantedLayout: 24397455acd2461960bc45d394e0ef99c17d03ce

PODFILE CHECKSUM: c9a3b4fde68b849120ddcbf163cddb76811448f8

COCOAPODS: 1.5.3
